github.com/yalue/onnxruntime_go v1.27.0 h1:c1YSgDNtpf0WGtxj3YeRIb8VC5LmM1J+Ve3uHdteC1U=
github.com/yalue/onnxruntime_go v1.27.0/go.mod h1:b4X26A8pekNb1ACJ58wAXgNKeUCGEAQ9dmACut9Sm/4=
gonum.org/v1/gonum v0.17.0 h1:VbpOemQlsSMrYmn7T2OUvQ4dqxQXU+ouZFQsZOx50z4=
gonum.org/v1/gonum v0.17.0/go.mod h1:El3tOrEuMpv2UdMrbNlKEh9vd86bmQ6vqIcDwxEOc1E=
